
Microsoft Visual Studio Solution File, Format Version 12.00
# Visual Studio Version 17
VisualStudioVersion = 17.8.34511.84
MinimumVisualStudioVersion = 10.0.40219.1
Project("{FAE04EC0-301F-11D3-BF4B-00C04F79EFBC}") = "UsersApp", "UsersApp.csproj", "{5AAF1699-75B8-441A-A60E-C454C95705E5}"
EndProject
Global
	GlobalSection(SolutionConfigurationPlatforms) = preSolution
		Debug|Any CPU = Debug|Any CPU
		Release|Any CPU = Release|Any CPU
	EndGlobalSection
	GlobalSection(ProjectConfigurationPlatforms) = postSolution
		{5AAF1699-75B8-441A-A60E-C454C95705E5}.Debug|Any CPU.ActiveCfg = Debug|Any CPU
		{5AAF1699-75B8-441A-A60E-C454C95705E5}.Debug|Any CPU.Build.0 = Debug|Any CPU
		{5AAF1699-75B8-441A-A60E-C454C95705E5}.Release|Any CPU.ActiveCfg = Release|Any CPU
		{5AAF1699-75B8-441A-A60E-C454C95705E5}.Release|Any CPU.Build.0 = Release|Any CPU
	EndGlobalSection
	GlobalSection(SolutionProperties) = preSolution
		HideSolutionNode = FALSE
	EndGlobalSection
	GlobalSection(ExtensibilityGlobals) = postSolution
		SolutionGuid = {C5CA2937-E5BF-4019-B5A1-ED13A6AD53F4}
	EndGlobalSection
EndGlobal
